
Microsoft Visual Studio Solution File, Format Version 12.00
# Visual Studio Version 17
VisualStudioVersion = 17.0.31919.166
MinimumVisualStudioVersion = 10.0.40219.1
Project("{FAE04EC0-301F-11D3-BF4B-00C04F79EFBC}") = "ShopApp", "ShopApp\ShopApp.csproj", "{6A352F26-108F-404F-A2BB-18990EC15EA2}"
EndProject
Project("{FAE04EC0-301F-11D3-BF4B-00C04F79EFBC}") = "ShopApp.Models", "ShopApp.Models\ShopApp.Models.csproj", "{A69B7E3C-0EE8-490D-9033-0EBE083D9847}"
EndProject
Project("{FAE04EC0-301F-11D3-BF4B-00C04F79EFBC}") = "ShopApp.DAL", "ShopApp.DAL\ShopApp.DAL.csproj", "{581B07FA-B719-479B-9A92-DB3579E2466B}"
EndProject
Project("{FAE04EC0-301F-11D3-BF4B-00C04F79EFBC}") = "ShopApp.BLL", "ShopApp.BLL\ShopApp.BLL.csproj", "{20E75299-63C5-483A-9F03-20A80D9BE9E5}"
EndProject
Global
	GlobalSection(SolutionConfigurationPlatforms) = preSolution
		Debug|Any CPU = Debug|Any CPU
		Release|Any CPU = Release|Any CPU
	EndGlobalSection
	GlobalSection(ProjectConfigurationPlatforms) = postSolution
		{6A352F26-108F-404F-A2BB-18990EC15EA2}.Debug|Any CPU.ActiveCfg = Debug|Any CPU
		{6A352F26-108F-404F-A2BB-18990EC15EA2}.Debug|Any CPU.Build.0 = Debug|Any CPU
		{6A352F26-108F-404F-A2BB-18990EC15EA2}.Release|Any CPU.ActiveCfg = Release|Any CPU
		{6A352F26-108F-404F-A2BB-18990EC15EA2}.Release|Any CPU.Build.0 = Release|Any CPU
		{A69B7E3C-0EE8-490D-9033-0EBE083D9847}.Debug|Any CPU.ActiveCfg = Debug|Any CPU
		{A69B7E3C-0EE8-490D-9033-0EBE083D9847}.Debug|Any CPU.Build.0 = Debug|Any CPU
		{A69B7E3C-0EE8-490D-9033-0EBE083D9847}.Release|Any CPU.ActiveCfg = Release|Any CPU
		{A69B7E3C-0EE8-490D-9033-0EBE083D9847}.Release|Any CPU.Build.0 = Release|Any CPU
		{581B07FA-B719-479B-9A92-DB3579E2466B}.Debug|Any CPU.ActiveCfg = Debug|Any CPU
		{581B07FA-B719-479B-9A92-DB3579E2466B}.Debug|Any CPU.Build.0 = Debug|Any CPU
		{581B07FA-B719-479B-9A92-DB3579E2466B}.Release|Any CPU.ActiveCfg = Release|Any CPU
		{581B07FA-B719-479B-9A92-DB3579E2466B}.Release|Any CPU.Build.0 = Release|Any CPU
		{20E75299-63C5-483A-9F03-20A80D9BE9E5}.Debug|Any CPU.ActiveCfg = Debug|Any CPU
		{20E75299-63C5-483A-9F03-20A80D9BE9E5}.Debug|Any CPU.Build.0 = Debug|Any CPU
		{20E75299-63C5-483A-9F03-20A80D9BE9E5}.Release|Any CPU.ActiveCfg = Release|Any CPU
		{20E75299-63C5-483A-9F03-20A80D9BE9E5}.Release|Any CPU.Build.0 = Release|Any CPU
	EndGlobalSection
	GlobalSection(SolutionProperties) = preSolution
		HideSolutionNode = FALSE
	EndGlobalSection
	GlobalSection(ExtensibilityGlobals) = postSolution
		SolutionGuid = {D17A4F6E-A5EE-4B96-BE47-93BFAAE11F72}
	EndGlobalSection
EndGlobal
